
Microsoft Visual Studio Solution File, Format Version 12.00
# Visual Studio Version 16
VisualStudioVersion = 16.0.34031.81
MinimumVisualStudioVersion = 10.0.40219.1
Project("{FAE04EC0-301F-11D3-BF4B-00C04F79EFBC}") = "BT05", "BT05\BT05.csproj", "{F78A70E7-3995-455F-91B3-58AB0AE88E69}"
EndProject
Global
	GlobalSection(SolutionConfigurationPlatforms) = preSolution
		Debug|Any CPU = Debug|Any CPU
		Release|Any CPU = Release|Any CPU
	EndGlobalSection
	GlobalSection(ProjectConfigurationPlatforms) = postSolution
		{F78A70E7-3995-455F-91B3-58AB0AE88E69}.Debug|Any CPU.ActiveCfg = Debug|Any CPU
		{F78A70E7-3995-455F-91B3-58AB0AE88E69}.Debug|Any CPU.Build.0 = Debug|Any CPU
		{F78A70E7-3995-455F-91B3-58AB0AE88E69}.Release|Any CPU.ActiveCfg = Release|Any CPU
		{F78A70E7-3995-455F-91B3-58AB0AE88E69}.Release|Any CPU.Build.0 = Release|Any CPU
	EndGlobalSection
	GlobalSection(SolutionProperties) = preSolution
		HideSolutionNode = FALSE
	EndGlobalSection
	GlobalSection(ExtensibilityGlobals) = postSolution
		SolutionGuid = {65C1A0A2-8837-4C68-91A0-034ABC73F492}
	EndGlobalSection
EndGlobal
